{
  "version": 4,
  "terraform_version": "1.12.2",
  "serial": 57,
  "lineage": "d68a71d4-aeb9-a712-734d-a49ec030b03e",
  "outputs": {},
  "resources": [
    {
      "mode": "managed",
      "type": "azurerm_resource_group",
      "name": "avd_rg",
      "provider": "provider[\"registry.terraform.io/hashicorp/azurerm\"]",
      "instances": [
        {
          "schema_version": 0,
          "attributes": {
            "id": "/subscriptions/3c42098f-375b-47ae-9727-1b0014b0d232/resourceGroups/rg-avd-enterprise",
            "location": "eastus",
            "managed_by": "",
            "name": "rg-avd-enterprise",
            "tags": {
              "environment": "prod",
              "project": "avd-enterprise"
            },
            "timeouts": null
          },
          "sensitive_attributes": [],
          "identity_schema_version": 0,
          "private": "eyJlMmJmYjczMC1lY2FhLTExZTYtOGY4OC0zNDM2M2JjN2M0YzAiOnsiY3JlYXRlIjo1NDAwMDAwMDAwMDAwLCJkZWxldGUiOjU0MDAwMDAwMDAwMDAsInJlYWQiOjMwMDAwMDAwMDAwMCwidXBkYXRlIjo1NDAwMDAwMDAwMDAwfX0="
        }
      ]
    },
    {
      "module": "module.avd_core",
      "mode": "managed",
      "type": "azurerm_virtual_desktop_application_group",
      "name": "main",
      "provider": "provider[\"registry.terraform.io/hashicorp/azurerm\"]",
      "instances": [
        {
          "schema_version": 1,
          "attributes": {
            "default_desktop_display_name": "",
            "description": "Desktop Application Group for Enterprise AVD Solution",
            "friendly_name": "Enterprise AVD Desktop App Group",
            "host_pool_id": "/subscriptions/3c42098f-375b-47ae-9727-1b0014b0d232/resourceGroups/rg-avd-enterprise/providers/Microsoft.DesktopVirtualization/hostPools/hp-avd-enterprise",
            "id": "/subscriptions/3c42098f-375b-47ae-9727-1b0014b0d232/resourceGroups/rg-avd-enterprise/providers/Microsoft.DesktopVirtualization/applicationGroups/ag-avd-enterprise-desktop",
            "location": "eastus",
            "name": "ag-avd-enterprise-desktop",
            "resource_group_name": "rg-avd-enterprise",
            "tags": {
              "environment": "prod",
              "project": "avd-enterprise"
            },
            "timeouts": null,
            "type": "Desktop"
          },
          "sensitive_attributes": [],
          "identity_schema_version": 0,
          "private": "eyJlMmJmYjczMC1lY2FhLTExZTYtOGY4OC0zNDM2M2JjN2M0YzAiOnsiY3JlYXRlIjozNjAwMDAwMDAwMDAwLCJkZWxldGUiOjM2MDAwMDAwMDAwMDAsInJlYWQiOjMwMDAwMDAwMDAwMCwidXBkYXRlIjozNjAwMDAwMDAwMDAwfSwic2NoZW1hX3ZlcnNpb24iOiIxIn0=",
          "dependencies": [
            "azurerm_resource_group.avd_rg",
            "module.avd_core.azurerm_virtual_desktop_host_pool.main"
          ]
        }
      ]
    },
    {
      "module": "module.avd_core",
      "mode": "managed",
      "type": "azurerm_virtual_desktop_host_pool",
      "name": "main",
      "provider": "provider[\"registry.terraform.io/hashicorp/azurerm\"]",
      "instances": [
        {
          "schema_version": 1,
          "attributes": {
            "custom_rdp_properties": "",
            "description": "Host Pool for Enterprise AVD Solution",
            "friendly_name": "Enterprise AVD Host Pool",
            "id": "/subscriptions/3c42098f-375b-47ae-9727-1b0014b0d232/resourceGroups/rg-avd-enterprise/providers/Microsoft.DesktopVirtualization/hostPools/hp-avd-enterprise",
            "load_balancer_type": "BreadthFirst",
            "location": "eastus",
            "maximum_sessions_allowed": 10,
            "name": "hp-avd-enterprise",
            "personal_desktop_assignment_type": "",
            "preferred_app_group_type": "Desktop",
            "public_network_access": "Enabled",
            "resource_group_name": "rg-avd-enterprise",
            "scheduled_agent_updates": [],
            "start_vm_on_connect": false,
            "tags": {
              "environment": "prod",
              "project": "avd-enterprise"
            },
            "timeouts": null,
            "type": "Pooled",
            "validate_environment": false,
            "vm_template": ""
          },
          "sensitive_attributes": [],
          "identity_schema_version": 0,
          "private": "eyJlMmJmYjczMC1lY2FhLTExZTYtOGY4OC0zNDM2M2JjN2M0YzAiOnsiY3JlYXRlIjozNjAwMDAwMDAwMDAwLCJkZWxldGUiOjM2MDAwMDAwMDAwMDAsInJlYWQiOjMwMDAwMDAwMDAwMCwidXBkYXRlIjozNjAwMDAwMDAwMDAwfSwic2NoZW1hX3ZlcnNpb24iOiIxIn0=",
          "dependencies": [
            "azurerm_resource_group.avd_rg"
          ]
        }
      ]
    },
    {
      "module": "module.avd_core",
      "mode": "managed",
      "type": "azurerm_virtual_desktop_workspace",
      "name": "main",
      "provider": "provider[\"registry.terraform.io/hashicorp/azurerm\"]",
      "instances": [
        {
          "schema_version": 1,
          "attributes": {
            "description": "Workspace for Enterprise AVD Solution",
            "friendly_name": "Enterprise AVD Workspace",
            "id": "/subscriptions/3c42098f-375b-47ae-9727-1b0014b0d232/resourceGroups/rg-avd-enterprise/providers/Microsoft.DesktopVirtualization/workspaces/ws-avd-enterprise",
            "location": "eastus",
            "name": "ws-avd-enterprise",
            "public_network_access_enabled": true,
            "resource_group_name": "rg-avd-enterprise",
            "tags": {
              "environment": "prod",
              "project": "avd-enterprise"
            },
            "timeouts": null
          },
          "sensitive_attributes": [],
          "identity_schema_version": 0,
          "private": "eyJlMmJmYjczMC1lY2FhLTExZTYtOGY4OC0zNDM2M2JjN2M0YzAiOnsiY3JlYXRlIjozNjAwMDAwMDAwMDAwLCJkZWxldGUiOjM2MDAwMDAwMDAwMDAsInJlYWQiOjMwMDAwMDAwMDAwMCwidXBkYXRlIjozNjAwMDAwMDAwMDAwfSwic2NoZW1hX3ZlcnNpb24iOiIxIn0=",
          "dependencies": [
            "azurerm_resource_group.avd_rg"
          ]
        }
      ]
    },
    {
      "module": "module.avd_networking",
      "mode": "managed",
      "type": "azurerm_subnet",
      "name": "avd_subnet",
      "provider": "provider[\"registry.terraform.io/hashicorp/azurerm\"]",
      "instances": [
        {
          "schema_version": 0,
          "attributes": {
            "address_prefixes": [
              "10.10.1.0/24"
            ],
            "default_outbound_access_enabled": true,
            "delegation": [],
            "enforce_private_link_endpoint_network_policies": false,
            "enforce_private_link_service_network_policies": false,
            "id": "/subscriptions/3c42098f-375b-47ae-9727-1b0014b0d232/resourceGroups/rg-avd-enterprise/providers/Microsoft.Network/virtualNetworks/vnet-avd-enterprise/subnets/snet-avd-hosts",
            "name": "snet-avd-hosts",
            "private_endpoint_network_policies": "Enabled",
            "private_endpoint_network_policies_enabled": true,
            "private_link_service_network_policies_enabled": true,
            "resource_group_name": "rg-avd-enterprise",
            "service_endpoint_policy_ids": null,
            "service_endpoints": [
              "Microsoft.KeyVault",
              "Microsoft.Storage"
            ],
            "timeouts": null,
            "virtual_network_name": "vnet-avd-enterprise"
          },
          "sensitive_attributes": [],
          "identity_schema_version": 0,
          "private": "eyJlMmJmYjczMC1lY2FhLTExZTYtOGY4OC0zNDM2M2JjN2M0YzAiOnsiY3JlYXRlIjoxODAwMDAwMDAwMDAwLCJkZWxldGUiOjE4MDAwMDAwMDAwMDAsInJlYWQiOjMwMDAwMDAwMDAwMCwidXBkYXRlIjoxODAwMDAwMDAwMDAwfX0=",
          "dependencies": [
            "azurerm_resource_group.avd_rg",
            "module.avd_networking.azurerm_virtual_network.main"
          ]
        }
      ]
    },
    {
      "module": "module.avd_networking",
      "mode": "managed",
      "type": "azurerm_virtual_network",
      "name": "main",
      "provider": "provider[\"registry.terraform.io/hashicorp/azurerm\"]",
      "instances": [
        {
          "schema_version": 0,
          "attributes": {
            "address_space": [
              "10.10.0.0/16"
            ],
            "bgp_community": "",
            "ddos_protection_plan": [],
            "dns_servers": [],
            "edge_zone": "",
            "encryption": [],
            "flow_timeout_in_minutes": 0,
            "guid": "e0b52c40-4204-4aa2-a2ec-a11e675f49b9",
            "id": "/subscriptions/3c42098f-375b-47ae-9727-1b0014b0d232/resourceGroups/rg-avd-enterprise/providers/Microsoft.Network/virtualNetworks/vnet-avd-enterprise",
            "location": "eastus",
            "name": "vnet-avd-enterprise",
            "resource_group_name": "rg-avd-enterprise",
            "subnet": [],
            "tags": {
              "environment": "prod",
              "project": "avd-enterprise"
            },
            "timeouts": null
          },
          "sensitive_attributes": [],
          "identity_schema_version": 0,
          "private": "eyJlMmJmYjczMC1lY2FhLTExZTYtOGY4OC0zNDM2M2JjN2M0YzAiOnsiY3JlYXRlIjoxODAwMDAwMDAwMDAwLCJkZWxldGUiOjE4MDAwMDAwMDAwMDAsInJlYWQiOjMwMDAwMDAwMDAwMCwidXBkYXRlIjoxODAwMDAwMDAwMDAwfX0=",
          "dependencies": [
            "azurerm_resource_group.avd_rg"
          ]
        }
      ]
    },
    {
      "module": "module.avd_session_hosts",
      "mode": "managed",
      "type": "azurerm_network_interface",
      "name": "main",
      "provider": "provider[\"registry.terraform.io/hashicorp/azurerm\"]",
      "instances": [
        {
          "index_key": 0,
          "schema_version": 0,
          "attributes": {
            "accelerated_networking_enabled": false,
            "applied_dns_servers": [],
            "auxiliary_mode": "",
            "auxiliary_sku": "",
            "dns_servers": [],
            "edge_zone": "",
            "enable_accelerated_networking": false,
            "enable_ip_forwarding": false,
            "id": "/subscriptions/3c42098f-375b-47ae-9727-1b0014b0d232/resourceGroups/rg-avd-enterprise/providers/Microsoft.Network/networkInterfaces/your-host-pool-name-nic-0",
            "internal_dns_name_label": "",
            "internal_domain_name_suffix": "iawllyaeikrevixmuepgox0jxb.bx.internal.cloudapp.net",
            "ip_configuration": [
              {
                "gateway_load_balancer_frontend_ip_configuration_id": "",
                "name": "ipconfig1",
                "primary": true,
                "private_ip_address": "10.10.1.4",
                "private_ip_address_allocation": "Dynamic",
                "private_ip_address_version": "IPv4",
                "public_ip_address_id": "",
                "subnet_id": "/subscriptions/3c42098f-375b-47ae-9727-1b0014b0d232/resourceGroups/rg-avd-enterprise/providers/Microsoft.Network/virtualNetworks/vnet-avd-enterprise/subnets/snet-avd-hosts"
              }
            ],
            "ip_forwarding_enabled": false,
            "location": "eastus",
            "mac_address": "",
            "name": "your-host-pool-name-nic-0",
            "private_ip_address": "10.10.1.4",
            "private_ip_addresses": [
              "10.10.1.4"
            ],
            "resource_group_name": "rg-avd-enterprise",
            "tags": {
              "environment": "prod",
              "project": "avd-enterprise"
            },
            "timeouts": null,
            "virtual_machine_id": ""
          },
          "sensitive_attributes": [],
          "identity_schema_version": 0,
          "private": "eyJlMmJmYjczMC1lY2FhLTExZTYtOGY4OC0zNDM2M2JjN2M0YzAiOnsiY3JlYXRlIjoxODAwMDAwMDAwMDAwLCJkZWxldGUiOjE4MDAwMDAwMDAwMDAsInJlYWQiOjMwMDAwMDAwMDAwMCwidXBkYXRlIjoxODAwMDAwMDAwMDAwfX0=",
          "dependencies": [
            "azurerm_resource_group.avd_rg",
            "module.avd_networking.azurerm_subnet.avd_subnet",
            "module.avd_networking.azurerm_virtual_network.main"
          ]
        },
        {
          "index_key": 1,
          "schema_version": 0,
          "attributes": {
            "accelerated_networking_enabled": false,
            "applied_dns_servers": [],
            "auxiliary_mode": "",
            "auxiliary_sku": "",
            "dns_servers": [],
            "edge_zone": "",
            "enable_accelerated_networking": false,
            "enable_ip_forwarding": false,
            "id": "/subscriptions/3c42098f-375b-47ae-9727-1b0014b0d232/resourceGroups/rg-avd-enterprise/providers/Microsoft.Network/networkInterfaces/your-host-pool-name-nic-1",
            "internal_dns_name_label": "",
            "internal_domain_name_suffix": "iawllyaeikrevixmuepgox0jxb.bx.internal.cloudapp.net",
            "ip_configuration": [
              {
                "gateway_load_balancer_frontend_ip_configuration_id": "",
                "name": "ipconfig1",
                "primary": true,
                "private_ip_address": "10.10.1.5",
                "private_ip_address_allocation": "Dynamic",
                "private_ip_address_version": "IPv4",
                "public_ip_address_id": "",
                "subnet_id": "/subscriptions/3c42098f-375b-47ae-9727-1b0014b0d232/resourceGroups/rg-avd-enterprise/providers/Microsoft.Network/virtualNetworks/vnet-avd-enterprise/subnets/snet-avd-hosts"
              }
            ],
            "ip_forwarding_enabled": false,
            "location": "eastus",
            "mac_address": "",
            "name": "your-host-pool-name-nic-1",
            "private_ip_address": "10.10.1.5",
            "private_ip_addresses": [
              "10.10.1.5"
            ],
            "resource_group_name": "rg-avd-enterprise",
            "tags": {
              "environment": "prod",
              "project": "avd-enterprise"
            },
            "timeouts": null,
            "virtual_machine_id": ""
          },
          "sensitive_attributes": [],
          "identity_schema_version": 0,
          "private": "eyJlMmJmYjczMC1lY2FhLTExZTYtOGY4OC0zNDM2M2JjN2M0YzAiOnsiY3JlYXRlIjoxODAwMDAwMDAwMDAwLCJkZWxldGUiOjE4MDAwMDAwMDAwMDAsInJlYWQiOjMwMDAwMDAwMDAwMCwidXBkYXRlIjoxODAwMDAwMDAwMDAwfX0=",
          "dependencies": [
            "azurerm_resource_group.avd_rg",
            "module.avd_networking.azurerm_subnet.avd_subnet",
            "module.avd_networking.azurerm_virtual_network.main"
          ]
        }
      ]
    }
  ],
  "check_results": null
}
